
Microsoft Visual Studio Solution File, Format Version 12.00
# Visual Studio Version 17
VisualStudioVersion = 17.0.31903.59
MinimumVisualStudioVersion = 10.0.40219.1
Project("{FAE04EC0-301F-11D3-BF4B-00C04F79EFBC}") = "API", "API\API.csproj", "{AA2EA98F-D367-4687-AF9E-EA9B0AB9EECC}"
EndProject
Project("{FAE04EC0-301F-11D3-BF4B-00C04F79EFBC}") = "Core", "Core\Core.csproj", "{8A83B68C-8B0B-41DF-848F-7CC309265BC3}"
EndProject
Project("{FAE04EC0-301F-11D3-BF4B-00C04F79EFBC}") = "Infrastructure", "Infrastructure\Infrastructure.csproj", "{4AA9844D-AAB8-4362-887E-BD4920F0AAE1}"
EndProject
Global
	GlobalSection(SolutionConfigurationPlatforms) = preSolution
		Debug|Any CPU = Debug|Any CPU
		Release|Any CPU = Release|Any CPU
	EndGlobalSection
	GlobalSection(SolutionProperties) = preSolution
		HideSolutionNode = FALSE
	EndGlobalSection
	GlobalSection(ProjectConfigurationPlatforms) = postSolution
		{AA2EA98F-D367-4687-AF9E-EA9B0AB9EECC}.Debug|Any CPU.ActiveCfg = Debug|Any CPU
		{AA2EA98F-D367-4687-AF9E-EA9B0AB9EECC}.Debug|Any CPU.Build.0 = Debug|Any CPU
		{AA2EA98F-D367-4687-AF9E-EA9B0AB9EECC}.Release|Any CPU.ActiveCfg = Release|Any CPU
		{AA2EA98F-D367-4687-AF9E-EA9B0AB9EECC}.Release|Any CPU.Build.0 = Release|Any CPU
		{8A83B68C-8B0B-41DF-848F-7CC309265BC3}.Debug|Any CPU.ActiveCfg = Debug|Any CPU
		{8A83B68C-8B0B-41DF-848F-7CC309265BC3}.Debug|Any CPU.Build.0 = Debug|Any CPU
		{8A83B68C-8B0B-41DF-848F-7CC309265BC3}.Release|Any CPU.ActiveCfg = Release|Any CPU
		{8A83B68C-8B0B-41DF-848F-7CC309265BC3}.Release|Any CPU.Build.0 = Release|Any CPU
		{4AA9844D-AAB8-4362-887E-BD4920F0AAE1}.Debug|Any CPU.ActiveCfg = Debug|Any CPU
		{4AA9844D-AAB8-4362-887E-BD4920F0AAE1}.Debug|Any CPU.Build.0 = Debug|Any CPU
		{4AA9844D-AAB8-4362-887E-BD4920F0AAE1}.Release|Any CPU.ActiveCfg = Release|Any CPU
		{4AA9844D-AAB8-4362-887E-BD4920F0AAE1}.Release|Any CPU.Build.0 = Release|Any CPU
	EndGlobalSection
EndGlobal
